        "node-fetch": "^2.6.7",
        "@next/swc-linux-x64-gnu": "12.1.5",
        "cross-env": "^7.0.3",
      "license": "MIT",
    "node_modules/cross-env": {
      "version": "7.0.3",
      "resolved": "https://registry.npmjs.org/cross-env/-/cross-env-7.0.3.tgz",
      "integrity": "sha512-+/HKd6EgcQCJGh2PSjZuUitQBQynKor4wrFbRg4DtAgS1aWO+gU52xpH7M9ScGgXSYmAVS9bIJ8EzuaGw0oNAw==",
      "dev": true,
      "license": "MIT",
      "dependencies": {
        "cross-spawn": "^7.0.1"
      },
      "bin": {
        "cross-env": "src/bin/cross-env.js",
        "cross-env-shell": "src/bin/cross-env-shell.js"
      },
      "engines": {
        "node": ">=10.14",
        "npm": ">=6",
        "yarn": ">=1"
      }
    },
      "devOptional": true,
      "devOptional": true
      "integrity": "sha1-gYT9NH2snNwYWZLzpmIuFLnZq2o="
      "integrity": "sha1-JFNCdeKnvGvnvIZhHMFq4KVlSHE="
      "dev": true
    "cross-env": {
      "version": "7.0.3",
      "resolved": "https://registry.npmjs.org/cross-env/-/cross-env-7.0.3.tgz",
      "integrity": "sha512-+/HKd6EgcQCJGh2PSjZuUitQBQynKor4wrFbRg4DtAgS1aWO+gU52xpH7M9ScGgXSYmAVS9bIJ8EzuaGw0oNAw==",
      "dev": true,
      "requires": {
        "cross-spawn": "^7.0.1"
      }
    },
      "devOptional": true,
      "devOptional": true
      "integrity": "sha1-gYT9NH2snNwYWZLzpmIuFLnZq2o="
      "integrity": "sha1-JFNCdeKnvGvnvIZhHMFq4KVlSHE="
