        "node-hid": "^3.2.0",
    "node_modules/node-addon-api": {
      "version": "3.2.1",
      "resolved": "https://registry.npmjs.org/node-addon-api/-/node-addon-api-3.2.1.tgz",
      "integrity": "sha512-mmcei9JghVNDYydghQmeDX8KoAm0FAiYyIcUt/N4nhyAipB17pllZQDOJD2fotxABnt4Mdz+dKTO7eftLg4d0A==",
      "license": "MIT"
    },
    "node_modules/node-hid": {
      "version": "3.2.0",
      "resolved": "https://registry.npmjs.org/node-hid/-/node-hid-3.2.0.tgz",
      "integrity": "sha512-DJZcRV2QYboBay7AYNrtIdsKBOwInblf7fU7fuDmbxLecfKkMNy0hNUDx0gXtkndUV0DXP6hYL09IDrfYbh5pw==",
      "hasInstallScript": true,
      "license": "(MIT OR X11)",
      "dependencies": {
        "node-addon-api": "^3.2.1",
        "pkg-prebuilds": "^1.0.0"
      },
      "bin": {
        "hid-showdevices": "src/show-devices.js"
      },
      "engines": {
        "node": ">=10.16"
      }
    },
    "node_modules/pkg-prebuilds": {
      "version": "1.0.0",
      "resolved": "https://registry.npmjs.org/pkg-prebuilds/-/pkg-prebuilds-1.0.0.tgz",
      "integrity": "sha512-D9wlkXZCmjxj2kBHTw3fGSyjoahr33breGBoJcoezpi7ouYS59DJVOHMZ+dgqacSrZiJo4qtkXxLQTE+BqXJmQ==",
      "license": "MIT",
      "dependencies": {
        "yargs": "^17.7.2"
      },
      "bin": {
        "pkg-prebuilds-copy": "bin/copy.mjs",
        "pkg-prebuilds-verify": "bin/verify.mjs"
      },
      "engines": {
        "node": ">= 14.15.0"
      }
    },
    "node_modules/pkg-prebuilds/node_modules/ansi-regex": {
      "version": "5.0.1",
      "resolved": "https://registry.npmjs.org/ansi-regex/-/ansi-regex-5.0.1.tgz",
      "integrity": "sha512-quJQXlTSUGL2LH9SUXo8VwsY4soanhgo6LNSm84E1LBcE8s3O0wpdiRzyR9z/ZZJMlMWv37qOOb9pdJlMUEKFQ==",
      "license": "MIT",
      "engines": {
        "node": ">=8"
      }
    },
    "node_modules/pkg-prebuilds/node_modules/cliui": {
      "version": "8.0.1",
      "resolved": "https://registry.npmjs.org/cliui/-/cliui-8.0.1.tgz",
      "integrity": "sha512-BSeNnyus75C4//NQ9gQt1/csTXyo/8Sb+afLAkzAptFuMsod9HFokGNudZpi/oQV73hnVK+sR+5PVRMd+Dr7YQ==",
      "license": "ISC",
      "dependencies": {
        "string-width": "^4.2.0",
        "strip-ansi": "^6.0.1",
        "wrap-ansi": "^7.0.0"
      },
      "engines": {
        "node": ">=12"
      }
    },
    "node_modules/pkg-prebuilds/node_modules/strip-ansi": {
      "version": "6.0.1",
      "resolved": "https://registry.npmjs.org/strip-ansi/-/strip-ansi-6.0.1.tgz",
      "integrity": "sha512-Y38VPSHcqkFrCpFnQ9vuSXmquuv5oXOKpGeT6aGrr3o3Gc9AlVa6JBfUSOCnbxGGZF+/0ooI7KrPuUSztUdU5A==",
      "license": "MIT",
      "dependencies": {
        "ansi-regex": "^5.0.1"
      },
      "engines": {
        "node": ">=8"
      }
    },
    "node_modules/pkg-prebuilds/node_modules/yargs": {
      "version": "17.7.2",
      "resolved": "https://registry.npmjs.org/yargs/-/yargs-17.7.2.tgz",
      "integrity": "sha512-7dSzzRQ++CKnNI/krKnYRV7JKKPUXMEh61soaHKg9mrWEhzFWhFnxPxGl+69cD1Ou63C13NUPCnmIcrvqCuM6w==",
      "license": "MIT",
      "dependencies": {
        "cliui": "^8.0.1",
        "escalade": "^3.1.1",
        "get-caller-file": "^2.0.5",
        "require-directory": "^2.1.1",
        "string-width": "^4.2.3",
        "y18n": "^5.0.5",
        "yargs-parser": "^21.1.1"
      },
      "engines": {
        "node": ">=12"
      }
    },
    "node_modules/yargs-parser": {
      "version": "21.1.1",
      "resolved": "https://registry.npmjs.org/yargs-parser/-/yargs-parser-21.1.1.tgz",
      "integrity": "sha512-tVpsJW7DdjecAiFpbIB1e3qxIQsE6NoPc5/eTdrbbIC4h0LVsWhnoa3g+m2HclBIujHzsxZ4VJVA+GUuc2/LBw==",
      "license": "ISC",
    "node-addon-api": {
      "version": "3.2.1",
      "resolved": "https://registry.npmjs.org/node-addon-api/-/node-addon-api-3.2.1.tgz",
      "integrity": "sha512-mmcei9JghVNDYydghQmeDX8KoAm0FAiYyIcUt/N4nhyAipB17pllZQDOJD2fotxABnt4Mdz+dKTO7eftLg4d0A=="
    },
    "node-hid": {
      "version": "3.2.0",
      "resolved": "https://registry.npmjs.org/node-hid/-/node-hid-3.2.0.tgz",
      "integrity": "sha512-DJZcRV2QYboBay7AYNrtIdsKBOwInblf7fU7fuDmbxLecfKkMNy0hNUDx0gXtkndUV0DXP6hYL09IDrfYbh5pw==",
      "requires": {
        "node-addon-api": "^3.2.1",
        "pkg-prebuilds": "^1.0.0"
      }
    },
    "pkg-prebuilds": {
      "version": "1.0.0",
      "resolved": "https://registry.npmjs.org/pkg-prebuilds/-/pkg-prebuilds-1.0.0.tgz",
      "integrity": "sha512-D9wlkXZCmjxj2kBHTw3fGSyjoahr33breGBoJcoezpi7ouYS59DJVOHMZ+dgqacSrZiJo4qtkXxLQTE+BqXJmQ==",
      "requires": {
        "yargs": "^17.7.2"
      },
      "dependencies": {
        "ansi-regex": {
          "version": "5.0.1",
          "resolved": "https://registry.npmjs.org/ansi-regex/-/ansi-regex-5.0.1.tgz",
          "integrity": "sha512-quJQXlTSUGL2LH9SUXo8VwsY4soanhgo6LNSm84E1LBcE8s3O0wpdiRzyR9z/ZZJMlMWv37qOOb9pdJlMUEKFQ=="
        },
        "cliui": {
          "version": "8.0.1",
          "resolved": "https://registry.npmjs.org/cliui/-/cliui-8.0.1.tgz",
          "integrity": "sha512-BSeNnyus75C4//NQ9gQt1/csTXyo/8Sb+afLAkzAptFuMsod9HFokGNudZpi/oQV73hnVK+sR+5PVRMd+Dr7YQ==",
          "requires": {
            "string-width": "^4.2.0",
            "strip-ansi": "^6.0.1",
            "wrap-ansi": "^7.0.0"
          }
        },
        "strip-ansi": {
          "version": "6.0.1",
          "resolved": "https://registry.npmjs.org/strip-ansi/-/strip-ansi-6.0.1.tgz",
          "integrity": "sha512-Y38VPSHcqkFrCpFnQ9vuSXmquuv5oXOKpGeT6aGrr3o3Gc9AlVa6JBfUSOCnbxGGZF+/0ooI7KrPuUSztUdU5A==",
          "requires": {
            "ansi-regex": "^5.0.1"
          }
        },
        "yargs": {
          "version": "17.7.2",
          "resolved": "https://registry.npmjs.org/yargs/-/yargs-17.7.2.tgz",
          "integrity": "sha512-7dSzzRQ++CKnNI/krKnYRV7JKKPUXMEh61soaHKg9mrWEhzFWhFnxPxGl+69cD1Ou63C13NUPCnmIcrvqCuM6w==",
          "requires": {
            "cliui": "^8.0.1",
            "escalade": "^3.1.1",
            "get-caller-file": "^2.0.5",
            "require-directory": "^2.1.1",
            "string-width": "^4.2.3",
            "y18n": "^5.0.5",
            "yargs-parser": "^21.1.1"
          }
        }
      }
    },
    "yargs-parser": {
      "version": "21.1.1",
      "resolved": "https://registry.npmjs.org/yargs-parser/-/yargs-parser-21.1.1.tgz",
      "integrity": "sha512-tVpsJW7DdjecAiFpbIB1e3qxIQsE6NoPc5/eTdrbbIC4h0LVsWhnoa3g+m2HclBIujHzsxZ4VJVA+GUuc2/LBw=="
    },
